
Microsoft Visual Studio Solution File, Format Version 12.00
# Visual Studio 15
VisualStudioVersion = 15.0.28307.329
MinimumVisualStudioVersion = 10.0.40219.1
Project("{FAE04EC0-301F-11D3-BF4B-00C04F79EFBC}") = "bugTracker", "bugTracker\bugTracker.csproj", "{80AFC222-B2AD-4B8F-9746-85BEA05806A6}"
EndProject
Global
	GlobalSection(SolutionConfigurationPlatforms) = preSolution
		Debug|Any CPU = Debug|Any CPU
		Release|Any CPU = Release|Any CPU
	EndGlobalSection
	GlobalSection(ProjectConfigurationPlatforms) = postSolution
		{80AFC222-B2AD-4B8F-9746-85BEA05806A6}.Debug|Any CPU.ActiveCfg = Debug|Any CPU
		{80AFC222-B2AD-4B8F-9746-85BEA05806A6}.Debug|Any CPU.Build.0 = Debug|Any CPU
		{80AFC222-B2AD-4B8F-9746-85BEA05806A6}.Release|Any CPU.ActiveCfg = Release|Any CPU
		{80AFC222-B2AD-4B8F-9746-85BEA05806A6}.Release|Any CPU.Build.0 = Release|Any CPU
	EndGlobalSection
	GlobalSection(SolutionProperties) = preSolution
		HideSolutionNode = FALSE
	EndGlobalSection
	GlobalSection(ExtensibilityGlobals) = postSolution
		SolutionGuid = {1875B72A-0AFA-4975-A3E6-DCAE37CF0E14}
	EndGlobalSection
EndGlobal
